
Microsoft Visual Studio Solution File, Format Version 12.00
# Visual Studio 15
VisualStudioVersion = 15.0.26730.12
MinimumVisualStudioVersion = 10.0.40219.1
Project("{FAE04EC0-301F-11D3-BF4B-00C04F79EFBC}") = "MyFirstChallenge", "MyFirstChallenge\MyFirstChallenge.csproj", "{DD23597B-F373-4C8A-A2FC-13FFD91E0086}"
EndProject
Global
	GlobalSection(SolutionConfigurationPlatforms) = preSolution
		Debug|Any CPU = Debug|Any CPU
		Release|Any CPU = Release|Any CPU
	EndGlobalSection
	GlobalSection(ProjectConfigurationPlatforms) = postSolution
		{DD23597B-F373-4C8A-A2FC-13FFD91E0086}.Debug|Any CPU.ActiveCfg = Debug|Any CPU
		{DD23597B-F373-4C8A-A2FC-13FFD91E0086}.Debug|Any CPU.Build.0 = Debug|Any CPU
		{DD23597B-F373-4C8A-A2FC-13FFD91E0086}.Release|Any CPU.ActiveCfg = Release|Any CPU
		{DD23597B-F373-4C8A-A2FC-13FFD91E0086}.Release|Any CPU.Build.0 = Release|Any CPU
	EndGlobalSection
	GlobalSection(SolutionProperties) = preSolution
		HideSolutionNode = FALSE
	EndGlobalSection
	GlobalSection(ExtensibilityGlobals) = postSolution
		SolutionGuid = {F7ACC2B6-561D-48C5-9747-7B372A248966}
	EndGlobalSection
EndGlobal
