
Microsoft Visual Studio Solution File, Format Version 12.00
# Visual Studio 15
VisualStudioVersion = 15.0.27703.2026
MinimumVisualStudioVersion = 10.0.40219.1
Project("{FAE04EC0-301F-11D3-BF4B-00C04F79EFBC}") = "BankConsole", "BankConsole\BankConsole.csproj", "{E7183074-DAB0-487F-9998-7E864EAF2133}"
EndProject
Global
	GlobalSection(SolutionConfigurationPlatforms) = preSolution
		Debug|Any CPU = Debug|Any CPU
		Release|Any CPU = Release|Any CPU
	EndGlobalSection
	GlobalSection(ProjectConfigurationPlatforms) = postSolution
		{E7183074-DAB0-487F-9998-7E864EAF2133}.Debug|Any CPU.ActiveCfg = Debug|Any CPU
		{E7183074-DAB0-487F-9998-7E864EAF2133}.Debug|Any CPU.Build.0 = Debug|Any CPU
		{E7183074-DAB0-487F-9998-7E864EAF2133}.Release|Any CPU.ActiveCfg = Release|Any CPU
		{E7183074-DAB0-487F-9998-7E864EAF2133}.Release|Any CPU.Build.0 = Release|Any CPU
	EndGlobalSection
	GlobalSection(SolutionProperties) = preSolution
		HideSolutionNode = FALSE
	EndGlobalSection
	GlobalSection(ExtensibilityGlobals) = postSolution
		SolutionGuid = {5CA5B30F-9E9D-4505-A878-D92F6F94E1D0}
	EndGlobalSection
EndGlobal
