
Microsoft Visual Studio Solution File, Format Version 12.00
# Visual Studio 15
VisualStudioVersion = 15.0.26730.12
MinimumVisualStudioVersion = 10.0.40219.1
Project("{FAE04EC0-301F-11D3-BF4B-00C04F79EFBC}") = "PapaBobPizza", "PapaBobPizza\PapaBobPizza.csproj", "{998D0520-7419-4651-8C9C-4A898CD570D1}"
EndProject
Global
	GlobalSection(SolutionConfigurationPlatforms) = preSolution
		Debug|Any CPU = Debug|Any CPU
		Release|Any CPU = Release|Any CPU
	EndGlobalSection
	GlobalSection(ProjectConfigurationPlatforms) = postSolution
		{998D0520-7419-4651-8C9C-4A898CD570D1}.Debug|Any CPU.ActiveCfg = Debug|Any CPU
		{998D0520-7419-4651-8C9C-4A898CD570D1}.Debug|Any CPU.Build.0 = Debug|Any CPU
		{998D0520-7419-4651-8C9C-4A898CD570D1}.Release|Any CPU.ActiveCfg = Release|Any CPU
		{998D0520-7419-4651-8C9C-4A898CD570D1}.Release|Any CPU.Build.0 = Release|Any CPU
	EndGlobalSection
	GlobalSection(SolutionProperties) = preSolution
		HideSolutionNode = FALSE
	EndGlobalSection
	GlobalSection(ExtensibilityGlobals) = postSolution
		SolutionGuid = {C89092D4-382A-4417-9074-234724A92140}
	EndGlobalSection
EndGlobal
