
Microsoft Visual Studio Solution File, Format Version 12.00
# Visual Studio 15
VisualStudioVersion = 15.0.26730.12
MinimumVisualStudioVersion = 10.0.40219.1
Project("{FAE04EC0-301F-11D3-BF4B-00C04F79EFBC}") = "CasinoChallenge", "CasinoChallenge\CasinoChallenge.csproj", "{39555D3F-537C-45EA-BDF7-91C03B0B14C5}"
EndProject
Global
	GlobalSection(SolutionConfigurationPlatforms) = preSolution
		Debug|Any CPU = Debug|Any CPU
		Release|Any CPU = Release|Any CPU
	EndGlobalSection
	GlobalSection(ProjectConfigurationPlatforms) = postSolution
		{39555D3F-537C-45EA-BDF7-91C03B0B14C5}.Debug|Any CPU.ActiveCfg = Debug|Any CPU
		{39555D3F-537C-45EA-BDF7-91C03B0B14C5}.Debug|Any CPU.Build.0 = Debug|Any CPU
		{39555D3F-537C-45EA-BDF7-91C03B0B14C5}.Release|Any CPU.ActiveCfg = Release|Any CPU
		{39555D3F-537C-45EA-BDF7-91C03B0B14C5}.Release|Any CPU.Build.0 = Release|Any CPU
	EndGlobalSection
	GlobalSection(SolutionProperties) = preSolution
		HideSolutionNode = FALSE
	EndGlobalSection
	GlobalSection(ExtensibilityGlobals) = postSolution
		SolutionGuid = {C8B4EA0A-F692-4F1B-98E4-5F32163D607F}
	EndGlobalSection
EndGlobal
